
Microsoft Visual Studio Solution File, Format Version 12.00
# Visual Studio Version 17
VisualStudioVersion = 17.5.33502.453
MinimumVisualStudioVersion = 10.0.40219.1
Project("{FAE04EC0-301F-11D3-BF4B-00C04F79EFBC}") = "WebApplication3", "WebApplication3\WebApplication3.csproj", "{84DA8DF4-3A31-46E0-AC43-FFC4DB3742BC}"
EndProject
Global
	GlobalSection(SolutionConfigurationPlatforms) = preSolution
		Debug|Any CPU = Debug|Any CPU
		Release|Any CPU = Release|Any CPU
	EndGlobalSection
	GlobalSection(ProjectConfigurationPlatforms) = postSolution
		{84DA8DF4-3A31-46E0-AC43-FFC4DB3742BC}.Debug|Any CPU.ActiveCfg = Debug|Any CPU
		{84DA8DF4-3A31-46E0-AC43-FFC4DB3742BC}.Debug|Any CPU.Build.0 = Debug|Any CPU
		{84DA8DF4-3A31-46E0-AC43-FFC4DB3742BC}.Release|Any CPU.ActiveCfg = Release|Any CPU
		{84DA8DF4-3A31-46E0-AC43-FFC4DB3742BC}.Release|Any CPU.Build.0 = Release|Any CPU
	EndGlobalSection
	GlobalSection(SolutionProperties) = preSolution
		HideSolutionNode = FALSE
	EndGlobalSection
	GlobalSection(ExtensibilityGlobals) = postSolution
		SolutionGuid = {DC1316EA-3809-4C06-958D-BFE5CDA3E358}
	EndGlobalSection
EndGlobal
