
Microsoft Visual Studio Solution File, Format Version 12.00
# Visual Studio Version 17
VisualStudioVersion = 17.5.33502.453
MinimumVisualStudioVersion = 10.0.40219.1
Project("{FAE04EC0-301F-11D3-BF4B-00C04F79EFBC}") = "EbookProject", "EbookProject\EbookProject.csproj", "{CAEA4777-5F76-41A4-AC85-8D22BE8A2190}"
EndProject
Global
	GlobalSection(SolutionConfigurationPlatforms) = preSolution
		Debug|Any CPU = Debug|Any CPU
		Release|Any CPU = Release|Any CPU
	EndGlobalSection
	GlobalSection(ProjectConfigurationPlatforms) = postSolution
		{CAEA4777-5F76-41A4-AC85-8D22BE8A2190}.Debug|Any CPU.ActiveCfg = Debug|Any CPU
		{CAEA4777-5F76-41A4-AC85-8D22BE8A2190}.Debug|Any CPU.Build.0 = Debug|Any CPU
		{CAEA4777-5F76-41A4-AC85-8D22BE8A2190}.Release|Any CPU.ActiveCfg = Release|Any CPU
		{CAEA4777-5F76-41A4-AC85-8D22BE8A2190}.Release|Any CPU.Build.0 = Release|Any CPU
	EndGlobalSection
	GlobalSection(SolutionProperties) = preSolution
		HideSolutionNode = FALSE
	EndGlobalSection
	GlobalSection(ExtensibilityGlobals) = postSolution
		SolutionGuid = {5D6BC1EF-1615-40FB-B194-E1B96930B6C9}
	EndGlobalSection
EndGlobal
