
Microsoft Visual Studio Solution File, Format Version 12.00
# Visual Studio Version 17
VisualStudioVersion = 17.5.33502.453
MinimumVisualStudioVersion = 10.0.40219.1
Project("{FAE04EC0-301F-11D3-BF4B-00C04F79EFBC}") = "FullNameCreator", "FullNameCreator\FullNameCreator.csproj", "{DD0EC4EA-3521-4F5F-A041-A77E27EB8A42}"
EndProject
Global
	GlobalSection(SolutionConfigurationPlatforms) = preSolution
		Debug|Any CPU = Debug|Any CPU
		Release|Any CPU = Release|Any CPU
	EndGlobalSection
	GlobalSection(ProjectConfigurationPlatforms) = postSolution
		{DD0EC4EA-3521-4F5F-A041-A77E27EB8A42}.Debug|Any CPU.ActiveCfg = Debug|Any CPU
		{DD0EC4EA-3521-4F5F-A041-A77E27EB8A42}.Debug|Any CPU.Build.0 = Debug|Any CPU
		{DD0EC4EA-3521-4F5F-A041-A77E27EB8A42}.Release|Any CPU.ActiveCfg = Release|Any CPU
		{DD0EC4EA-3521-4F5F-A041-A77E27EB8A42}.Release|Any CPU.Build.0 = Release|Any CPU
	EndGlobalSection
	GlobalSection(SolutionProperties) = preSolution
		HideSolutionNode = FALSE
	EndGlobalSection
	GlobalSection(ExtensibilityGlobals) = postSolution
		SolutionGuid = {7823D523-2485-49E9-B00E-A81F6F597507}
	EndGlobalSection
EndGlobal
